// !$*UTF8*$!
{
	archiveVersion = 1;
	classes = {
	};
	objectVersion = 52;
	objects = {

/* Begin PBXBuildFile section */
		CD247F8023495F7000F89CC6 /* MiFare.swift in Sources */ = {isa = PBXBuildFile; fileRef = CD247F7F23495F7000F89CC6 /* MiFare.swift */; };
		CD247F822349604A00F89CC6 /* Utils.swift in Sources */ = {isa = PBXBuildFile; fileRef = CD247F812349604A00F89CC6 /* Utils.swift */; };
		CD261A95234BEB5C00E3E9EA /* CombineCoreNFC.swift in Sources */ = {isa = PBXBuildFile; fileRef = CD261A94234BEB5C00E3E9EA /* CombineCoreNFC.swift */; };
		CD2C2EB2233AE0F200BF4BAA /* ItemsListTabView.swift in Sources */ = {isa = PBXBuildFile; fileRef = CD2C2EB1233AE0F200BF4BAA /* ItemsListTabView.swift */; };
		CD2C2EB6233C2F4A00BF4BAA /* CoreNFC.framework in Frameworks */ = {isa = PBXBuildFile; fileRef = CD2C2EB5233C2F4A00BF4BAA /* CoreNFC.framework */; };
		CD96A7682842077700528337 /* ScannedNFCTagModel.swift in Sources */ = {isa = PBXBuildFile; fileRef = CD96A7672842077700528337 /* ScannedNFCTagModel.swift */; };
		CD96A76A284207DF00528337 /* NFCNDEFReaderSession.swift in Sources */ = {isa = PBXBuildFile; fileRef = CD96A769284207DF00528337 /* NFCNDEFReaderSession.swift */; };
		CD96A76C2842084700528337 /* NFCNDEFSessionAndTag.swift in Sources */ = {isa = PBXBuildFile; fileRef = CD96A76B2842084700528337 /* NFCNDEFSessionAndTag.swift */; };
		CD96A76E28420BCF00528337 /* Future.swift in Sources */ = {isa = PBXBuildFile; fileRef = CD96A76D28420BCF00528337 /* Future.swift */; };
		CDC8D4D023625EE50015D588 /* NFCNDEFQueryResponse.swift in Sources */ = {isa = PBXBuildFile; fileRef = CDC8D4CF23625EE50015D588 /* NFCNDEFQueryResponse.swift */; };
		CDC8D4D223625F300015D588 /* TagErrors.swift in Sources */ = {isa = PBXBuildFile; fileRef = CDC8D4D123625F300015D588 /* TagErrors.swift */; };
		CDC8D4D423625F5E0015D588 /* NFCNDEFTag.swift in Sources */ = {isa = PBXBuildFile; fileRef = CDC8D4D323625F5E0015D588 /* NFCNDEFTag.swift */; };
		CDE9969B233837D7007C05A3 /* AppDelegate.swift in Sources */ = {isa = PBXBuildFile; fileRef = CDE9969A233837D7007C05A3 /* AppDelegate.swift */; };
		CDE9969D233837D7007C05A3 /* SceneDelegate.swift in Sources */ = {isa = PBXBuildFile; fileRef = CDE9969C233837D7007C05A3 /* SceneDelegate.swift */; };
		CDE996A0233837D7007C05A3 /* StuffPlayground.xcdatamodeld in Sources */ = {isa = PBXBuildFile; fileRef = CDE9969E233837D7007C05A3 /* StuffPlayground.xcdatamodeld */; };
		CDE996A2233837D7007C05A3 /* ContentView.swift in Sources */ = {isa = PBXBuildFile; fileRef = CDE996A1233837D7007C05A3 /* ContentView.swift */; };
		CDE996A4233837DB007C05A3 /* Assets.xcassets in Resources */ = {isa = PBXBuildFile; fileRef = CDE996A3233837DB007C05A3 /* Assets.xcassets */; };
		CDE996A7233837DB007C05A3 /* Preview Assets.xcassets in Resources */ = {isa = PBXBuildFile; fileRef = CDE996A6233837DB007C05A3 /* Preview Assets.xcassets */; };
		CDE996AA233837DB007C05A3 /* LaunchScreen.storyboard in Resources */ = {isa = PBXBuildFile; fileRef = CDE996A8233837DB007C05A3 /* LaunchScreen.storyboard */; };
		CDE996B5233837DB007C05A3 /* StuffPlaygroundTests.swift in Sources */ = {isa = PBXBuildFile; fileRef = CDE996B4233837DB007C05A3 /* StuffPlaygroundTests.swift */; };
		CDE996C0233837DB007C05A3 /* StuffPlaygroundUITests.swift in Sources */ = {isa = PBXBuildFile; fileRef = CDE996BF233837DB007C05A3 /* StuffPlaygroundUITests.swift */; };
		CDE996CE23398B0A007C05A3 /* ItemsList.swift in Sources */ = {isa = PBXBuildFile; fileRef = CDE996CD23398B0A007C05A3 /* ItemsList.swift */; };
		CDE996D02339FEA5007C05A3 /* AddItemView.swift in Sources */ = {isa = PBXBuildFile; fileRef = CDE996CF2339FEA5007C05A3 /* AddItemView.swift */; };
		CDFB83382344009C00F5F1BA /* UserData.swift in Sources */ = {isa = PBXBuildFile; fileRef = CDFB83372344009C00F5F1BA /* UserData.swift */; };
		CDFB833B2344082C00F5F1BA /* PromiseKit in Frameworks */ = {isa = PBXBuildFile; productRef = CDFB833A2344082C00F5F1BA /* PromiseKit */; };
/* End PBXBuildFile section */

/* Begin PBXContainerItemProxy section */
		CDE996B1233837DB007C05A3 /* PBXContainerItemProxy */ = {
			isa = PBXContainerItemProxy;
			containerPortal = CDE9968F233837D7007C05A3 /* Project object */;
			proxyType = 1;
			remoteGlobalIDString = CDE99696233837D7007C05A3;
			remoteInfo = StuffPlayground;
		};
		CDE996BC233837DB007C05A3 /* PBXContainerItemProxy */ = {
			isa = PBXContainerItemProxy;
			containerPortal = CDE9968F233837D7007C05A3 /* Project object */;
			proxyType = 1;
			remoteGlobalIDString = CDE99696233837D7007C05A3;
			remoteInfo = StuffPlayground;
		};
/* End PBXContainerItemProxy section */

/* Begin PBXFileReference section */
		CD247F7F23495F7000F89CC6 /* MiFare.swift */ = {isa = PBXFileReference; lastKnownFileType = sourcecode.swift; path = MiFare.swift; sourceTree = "<group>"; };
		CD247F812349604A00F89CC6 /* Utils.swift */ = {isa = PBXFileReference; lastKnownFileType = sourcecode.swift; path = Utils.swift; sourceTree = "<group>"; };
		CD261A94234BEB5C00E3E9EA /* CombineCoreNFC.swift */ = {isa = PBXFileReference; lastKnownFileType = sourcecode.swift; path = CombineCoreNFC.swift; sourceTree = "<group>"; };
		CD2C2EB1233AE0F200BF4BAA /* ItemsListTabView.swift */ = {isa = PBXFileReference; lastKnownFileType = sourcecode.swift; path = ItemsListTabView.swift; sourceTree = "<group>"; };
		CD2C2EB3233C2E7A00BF4BAA /* StuffPlayground.entitlements */ = {isa = PBXFileReference; lastKnownFileType = text.plist.entitlements; path = StuffPlayground.entitlements; sourceTree = "<group>"; };
		CD2C2EB5233C2F4A00BF4BAA /* CoreNFC.framework */ = {isa = PBXFileReference; lastKnownFileType = wrapper.framework; name = CoreNFC.framework; path = System/Library/Frameworks/CoreNFC.framework; sourceTree = SDKROOT; };
		CD96A7672842077700528337 /* ScannedNFCTagModel.swift */ = {isa = PBXFileReference; lastKnownFileType = sourcecode.swift; path = ScannedNFCTagModel.swift; sourceTree = "<group>"; };
		CD96A769284207DF00528337 /* NFCNDEFReaderSession.swift */ = {isa = PBXFileReference; lastKnownFileType = sourcecode.swift; path = NFCNDEFReaderSession.swift; sourceTree = "<group>"; };
		CD96A76B2842084700528337 /* NFCNDEFSessionAndTag.swift */ = {isa = PBXFileReference; lastKnownFileType = sourcecode.swift; path = NFCNDEFSessionAndTag.swift; sourceTree = "<group>"; };
		CD96A76D28420BCF00528337 /* Future.swift */ = {isa = PBXFileReference; lastKnownFileType = sourcecode.swift; path = Future.swift; sourceTree = "<group>"; };
		CDC8D4CF23625EE50015D588 /* NFCNDEFQueryResponse.swift */ = {isa = PBXFileReference; lastKnownFileType = sourcecode.swift; path = NFCNDEFQueryResponse.swift; sourceTree = "<group>"; };
		CDC8D4D123625F300015D588 /* TagErrors.swift */ = {isa = PBXFileReference; lastKnownFileType = sourcecode.swift; path = TagErrors.swift; sourceTree = "<group>"; };
		CDC8D4D323625F5E0015D588 /* NFCNDEFTag.swift */ = {isa = PBXFileReference; lastKnownFileType = sourcecode.swift; path = NFCNDEFTag.swift; sourceTree = "<group>"; };
		CDE99697233837D7007C05A3 /* StuffPlayground.app */ = {isa = PBXFileReference; explicitFileType = wrapper.application; includeInIndex = 0; path = StuffPlayground.app; sourceTree = BUILT_PRODUCTS_DIR; };
		CDE9969A233837D7007C05A3 /* AppDelegate.swift */ = {isa = PBXFileReference; lastKnownFileType = sourcecode.swift; path = AppDelegate.swift; sourceTree = "<group>"; };
		CDE9969C233837D7007C05A3 /* SceneDelegate.swift */ = {isa = PBXFileReference; lastKnownFileType = sourcecode.swift; path = SceneDelegate.swift; sourceTree = "<group>"; };
		CDE9969F233837D7007C05A3 /* StuffPlayground.xcdatamodel */ = {isa = PBXFileReference; lastKnownFileType = wrapper.xcdatamodel; path = StuffPlayground.xcdatamodel; sourceTree = "<group>"; };
		CDE996A1233837D7007C05A3 /* ContentView.swift */ = {isa = PBXFileReference; lastKnownFileType = sourcecode.swift; path = ContentView.swift; sourceTree = "<group>"; };
		CDE996A3233837DB007C05A3 /* Assets.xcassets */ = {isa = PBXFileReference; lastKnownFileType = folder.assetcatalog; path = Assets.xcassets; sourceTree = "<group>"; };
		CDE996A6233837DB007C05A3 /* Preview Assets.xcassets */ = {isa = PBXFileReference; lastKnownFileType = folder.assetcatalog; path = "Preview Assets.xcassets"; sourceTree = "<group>"; };
		CDE996A9233837DB007C05A3 /* Base */ = {isa = PBXFileReference; lastKnownFileType = file.storyboard; name = Base; path = Base.lproj/LaunchScreen.storyboard; sourceTree = "<group>"; };
		CDE996AB233837DB007C05A3 /* Info.plist */ = {isa = PBXFileReference; lastKnownFileType = text.plist.xml; path = Info.plist; sourceTree = "<group>"; };
		CDE996B0233837DB007C05A3 /* StuffPlaygroundTests.xctest */ = {isa = PBXFileReference; explicitFileType = wrapper.cfbundle; includeInIndex = 0; path = StuffPlaygroundTests.xctest; sourceTree = BUILT_PRODUCTS_DIR; };
		CDE996B4233837DB007C05A3 /* StuffPlaygroundTests.swift */ = {isa = PBXFileReference; lastKnownFileType = sourcecode.swift; path = StuffPlaygroundTests.swift; sourceTree = "<group>"; };
		CDE996B6233837DB007C05A3 /* Info.plist */ = {isa = PBXFileReference; lastKnownFileType = text.plist.xml; path = Info.plist; sourceTree = "<group>"; };
		CDE996BB233837DB007C05A3 /* StuffPlaygroundUITests.xctest */ = {isa = PBXFileReference; explicitFileType = wrapper.cfbundle; includeInIndex = 0; path = StuffPlaygroundUITests.xctest; sourceTree = BUILT_PRODUCTS_DIR; };
		CDE996BF233837DB007C05A3 /* StuffPlaygroundUITests.swift */ = {isa = PBXFileReference; lastKnownFileType = sourcecode.swift; path = StuffPlaygroundUITests.swift; sourceTree = "<group>"; };
		CDE996C1233837DB007C05A3 /* Info.plist */ = {isa = PBXFileReference; lastKnownFileType = text.plist.xml; path = Info.plist; sourceTree = "<group>"; };
		CDE996CD23398B0A007C05A3 /* ItemsList.swift */ = {isa = PBXFileReference; lastKnownFileType = sourcecode.swift; path = ItemsList.swift; sourceTree = "<group>"; };
		CDE996CF2339FEA5007C05A3 /* AddItemView.swift */ = {isa = PBXFileReference; lastKnownFileType = sourcecode.swift; path = AddItemView.swift; sourceTree = "<group>"; };
		CDFB83372344009C00F5F1BA /* UserData.swift */ = {isa = PBXFileReference; lastKnownFileType = sourcecode.swift; path = UserData.swift; sourceTree = "<group>"; };
/* End PBXFileReference section */

/* Begin PBXFrameworksBuildPhase section */
		CDE99694233837D7007C05A3 /* Frameworks */ = {
			isa = PBXFrameworksBuildPhase;
			buildActionMask = 2147483647;
			files = (
				CD2C2EB6233C2F4A00BF4BAA /* CoreNFC.framework in Frameworks */,
				CDFB833B2344082C00F5F1BA /* PromiseKit in Frameworks */,
			);
			runOnlyForDeploymentPostprocessing = 0;
		};
		CDE996AD233837DB007C05A3 /* Frameworks */ = {
			isa = PBXFrameworksBuildPhase;
			buildActionMask = 2147483647;
			files = (
			);
			runOnlyForDeploymentPostprocessing = 0;
		};
		CDE996B8233837DB007C05A3 /* Frameworks */ = {
			isa = PBXFrameworksBuildPhase;
			buildActionMask = 2147483647;
			files = (
			);
			runOnlyForDeploymentPostprocessing = 0;
		};
/* End PBXFrameworksBuildPhase section */

/* Begin PBXGroup section */
		CD2C2EB4233C2F4A00BF4BAA /* Frameworks */ = {
			isa = PBXGroup;
			children = (
				CD2C2EB5233C2F4A00BF4BAA /* CoreNFC.framework */,
			);
			name = Frameworks;
			sourceTree = "<group>";
		};
		CDC8D4CE23625EA60015D588 /* CombinedNFC */ = {
			isa = PBXGroup;
			children = (
				CDC8D4CF23625EE50015D588 /* NFCNDEFQueryResponse.swift */,
				CDC8D4D123625F300015D588 /* TagErrors.swift */,
				CDC8D4D323625F5E0015D588 /* NFCNDEFTag.swift */,
				CD96A769284207DF00528337 /* NFCNDEFReaderSession.swift */,
				CD96A76B2842084700528337 /* NFCNDEFSessionAndTag.swift */,
				CD96A76D28420BCF00528337 /* Future.swift */,
			);
			path = CombinedNFC;
			sourceTree = "<group>";
		};
		CDE9968E233837D7007C05A3 = {
			isa = PBXGroup;
			children = (
				CDE99699233837D7007C05A3 /* StuffPlayground */,
				CDE996B3233837DB007C05A3 /* StuffPlaygroundTests */,
				CDE996BE233837DB007C05A3 /* StuffPlaygroundUITests */,
				CDE99698233837D7007C05A3 /* Products */,
				CD2C2EB4233C2F4A00BF4BAA /* Frameworks */,
			);
			sourceTree = "<group>";
		};
		CDE99698233837D7007C05A3 /* Products */ = {
			isa = PBXGroup;
			children = (
				CDE99697233837D7007C05A3 /* StuffPlayground.app */,
				CDE996B0233837DB007C05A3 /* StuffPlaygroundTests.xctest */,
				CDE996BB233837DB007C05A3 /* StuffPlaygroundUITests.xctest */,
			);
			name = Products;
			sourceTree = "<group>";
		};
		CDE99699233837D7007C05A3 /* StuffPlayground */ = {
			isa = PBXGroup;
			children = (
				CDC8D4CE23625EA60015D588 /* CombinedNFC */,
				CD2C2EB3233C2E7A00BF4BAA /* StuffPlayground.entitlements */,
				CDE996AB233837DB007C05A3 /* Info.plist */,
				CDE996A3233837DB007C05A3 /* Assets.xcassets */,
				CDE996A5233837DB007C05A3 /* Preview Content */,
				CDE9969E233837D7007C05A3 /* StuffPlayground.xcdatamodeld */,
				CDE996A8233837DB007C05A3 /* LaunchScreen.storyboard */,
				CDE9969A233837D7007C05A3 /* AppDelegate.swift */,
				CDE9969C233837D7007C05A3 /* SceneDelegate.swift */,
				CDE996A1233837D7007C05A3 /* ContentView.swift */,
				CD2C2EB1233AE0F200BF4BAA /* ItemsListTabView.swift */,
				CDE996CD23398B0A007C05A3 /* ItemsList.swift */,
				CDE996CF2339FEA5007C05A3 /* AddItemView.swift */,
				CDFB83372344009C00F5F1BA /* UserData.swift */,
				CD247F7F23495F7000F89CC6 /* MiFare.swift */,
				CD247F812349604A00F89CC6 /* Utils.swift */,
				CD261A94234BEB5C00E3E9EA /* CombineCoreNFC.swift */,
				CD96A7672842077700528337 /* ScannedNFCTagModel.swift */,
			);
			path = StuffPlayground;
			sourceTree = "<group>";
		};
		CDE996A5233837DB007C05A3 /* Preview Content */ = {
			isa = PBXGroup;
			children = (
				CDE996A6233837DB007C05A3 /* Preview Assets.xcassets */,
			);
			path = "Preview Content";
			sourceTree = "<group>";
		};
		CDE996B3233837DB007C05A3 /* StuffPlaygroundTests */ = {
			isa = PBXGroup;
			children = (
				CDE996B4233837DB007C05A3 /* StuffPlaygroundTests.swift */,
				CDE996B6233837DB007C05A3 /* Info.plist */,
			);
			path = StuffPlaygroundTests;
			sourceTree = "<group>";
		};
		CDE996BE233837DB007C05A3 /* StuffPlaygroundUITests */ = {
			isa = PBXGroup;
			children = (
				CDE996BF233837DB007C05A3 /* StuffPlaygroundUITests.swift */,
				CDE996C1233837DB007C05A3 /* Info.plist */,
			);
			path = StuffPlaygroundUITests;
			sourceTree = "<group>";
		};
/* End PBXGroup section */

/* Begin PBXNativeTarget section */
		CDE99696233837D7007C05A3 /* StuffPlayground */ = {
			isa = PBXNativeTarget;
			buildConfigurationList = CDE996C4233837DB007C05A3 /* Build configuration list for PBXNativeTarget "StuffPlayground" */;
			buildPhases = (
				CDE99693233837D7007C05A3 /* Sources */,
				CDE99694233837D7007C05A3 /* Frameworks */,
				CDE99695233837D7007C05A3 /* Resources */,
			);
			buildRules = (
			);
			dependencies = (
			);
			name = StuffPlayground;
			packageProductDependencies = (
				CDFB833A2344082C00F5F1BA /* PromiseKit */,
			);
			productName = StuffPlayground;
			productReference = CDE99697233837D7007C05A3 /* StuffPlayground.app */;
			productType = "com.apple.product-type.application";
		};
		CDE996AF233837DB007C05A3 /* StuffPlaygroundTests */ = {
			isa = PBXNativeTarget;
			buildConfigurationList = CDE996C7233837DB007C05A3 /* Build configuration list for PBXNativeTarget "StuffPlaygroundTests" */;
			buildPhases = (
				CDE996AC233837DB007C05A3 /* Sources */,
				CDE996AD233837DB007C05A3 /* Frameworks */,
				CDE996AE233837DB007C05A3 /* Resources */,
			);
			buildRules = (
			);
			dependencies = (
				CDE996B2233837DB007C05A3 /* PBXTargetDependency */,
			);
			name = StuffPlaygroundTests;
			productName = StuffPlaygroundTests;
			productReference = CDE996B0233837DB007C05A3 /* StuffPlaygroundTests.xctest */;
			productType = "com.apple.product-type.bundle.unit-test";
		};
		CDE996BA233837DB007C05A3 /* StuffPlaygroundUITests */ = {
			isa = PBXNativeTarget;
			buildConfigurationList = CDE996CA233837DB007C05A3 /* Build configuration list for PBXNativeTarget "StuffPlaygroundUITests" */;
			buildPhases = (
				CDE996B7233837DB007C05A3 /* Sources */,
				CDE996B8233837DB007C05A3 /* Frameworks */,
				CDE996B9233837DB007C05A3 /* Resources */,
			);
			buildRules = (
			);
			dependencies = (
				CDE996BD233837DB007C05A3 /* PBXTargetDependency */,
			);
			name = StuffPlaygroundUITests;
			productName = StuffPlaygroundUITests;
			productReference = CDE996BB233837DB007C05A3 /* StuffPlaygroundUITests.xctest */;
			productType = "com.apple.product-type.bundle.ui-testing";
		};
/* End PBXNativeTarget section */

/* Begin PBXProject section */
		CDE9968F233837D7007C05A3 /* Project object */ = {
			isa = PBXProject;
			attributes = {
				LastSwiftUpdateCheck = 1100;
				LastUpgradeCheck = 1340;
				ORGANIZATIONNAME = "Patrick Quinn-Graham";
				TargetAttributes = {
					CDE99696233837D7007C05A3 = {
						CreatedOnToolsVersion = 11.0;
					};
					CDE996AF233837DB007C05A3 = {
						CreatedOnToolsVersion = 11.0;
						TestTargetID = CDE99696233837D7007C05A3;
					};
					CDE996BA233837DB007C05A3 = {
						CreatedOnToolsVersion = 11.0;
						TestTargetID = CDE99696233837D7007C05A3;
					};
				};
			};
			buildConfigurationList = CDE99692233837D7007C05A3 /* Build configuration list for PBXProject "StuffPlayground" */;
			compatibilityVersion = "Xcode 9.3";
			developmentRegion = en;
			hasScannedForEncodings = 0;
			knownRegions = (
				en,
				Base,
			);
			mainGroup = CDE9968E233837D7007C05A3;
			packageReferences = (
				CDFB83392344082C00F5F1BA /* XCRemoteSwiftPackageReference "PromiseKit" */,
			);
			productRefGroup = CDE99698233837D7007C05A3 /* Products */;
			projectDirPath = "";
			projectRoot = "";
			targets = (
				CDE99696233837D7007C05A3 /* StuffPlayground */,
				CDE996AF233837DB007C05A3 /* StuffPlaygroundTests */,
				CDE996BA233837DB007C05A3 /* StuffPlaygroundUITests */,
			);
		};
/* End PBXProject section */

/* Begin PBXResourcesBuildPhase section */
		CDE99695233837D7007C05A3 /* Resources */ = {
			isa = PBXResourcesBuildPhase;
			buildActionMask = 2147483647;
			files = (
				CDE996AA233837DB007C05A3 /* LaunchScreen.storyboard in Resources */,
				CDE996A7233837DB007C05A3 /* Preview Assets.xcassets in Resources */,
				CDE996A4233837DB007C05A3 /* Assets.xcassets in Resources */,
			);
			runOnlyForDeploymentPostprocessing = 0;
		};
		CDE996AE233837DB007C05A3 /* Resources */ = {
			isa = PBXResourcesBuildPhase;
			buildActionMask = 2147483647;
			files = (
			);
			runOnlyForDeploymentPostprocessing = 0;
		};
		CDE996B9233837DB007C05A3 /* Resources */ = {
			isa = PBXResourcesBuildPhase;
			buildActionMask = 2147483647;
			files = (
			);
			runOnlyForDeploymentPostprocessing = 0;
		};
/* End PBXResourcesBuildPhase section */

/* Begin PBXSourcesBuildPhase section */
		CDE99693233837D7007C05A3 /* Sources */ = {
			isa = PBXSourcesBuildPhase;
			buildActionMask = 2147483647;
			files = (
				CD96A76A284207DF00528337 /* NFCNDEFReaderSession.swift in Sources */,
				CDE996CE23398B0A007C05A3 /* ItemsList.swift in Sources */,
				CDC8D4D423625F5E0015D588 /* NFCNDEFTag.swift in Sources */,
				CD247F8023495F7000F89CC6 /* MiFare.swift in Sources */,
				CDE996D02339FEA5007C05A3 /* AddItemView.swift in Sources */,
				CDE9969B233837D7007C05A3 /* AppDelegate.swift in Sources */,
				CD96A76E28420BCF00528337 /* Future.swift in Sources */,
				CD261A95234BEB5C00E3E9EA /* CombineCoreNFC.swift in Sources */,
				CDE9969D233837D7007C05A3 /* SceneDelegate.swift in Sources */,
				CDC8D4D223625F300015D588 /* TagErrors.swift in Sources */,
				CDE996A2233837D7007C05A3 /* ContentView.swift in Sources */,
				CD247F822349604A00F89CC6 /* Utils.swift in Sources */,
				CD96A7682842077700528337 /* ScannedNFCTagModel.swift in Sources */,
				CDE996A0233837D7007C05A3 /* StuffPlayground.xcdatamodeld in Sources */,
				CDFB83382344009C00F5F1BA /* UserData.swift in Sources */,
				CDC8D4D023625EE50015D588 /* NFCNDEFQueryResponse.swift in Sources */,
				CD96A76C2842084700528337 /* NFCNDEFSessionAndTag.swift in Sources */,
				CD2C2EB2233AE0F200BF4BAA /* ItemsListTabView.swift in Sources */,
			);
			runOnlyForDeploymentPostprocessing = 0;
		};
		CDE996AC233837DB007C05A3 /* Sources */ = {
			isa = PBXSourcesBuildPhase;
			buildActionMask = 2147483647;
			files = (
				CDE996B5233837DB007C05A3 /* StuffPlaygroundTests.swift in Sources */,
			);
			runOnlyForDeploymentPostprocessing = 0;
		};
		CDE996B7233837DB007C05A3 /* Sources */ = {
			isa = PBXSourcesBuildPhase;
			buildActionMask = 2147483647;
			files = (
				CDE996C0233837DB007C05A3 /* StuffPlaygroundUITests.swift in Sources */,
			);
			runOnlyForDeploymentPostprocessing = 0;
		};
/* End PBXSourcesBuildPhase section */

/* Begin PBXTargetDependency section */
		CDE996B2233837DB007C05A3 /* PBXTargetDependency */ = {
			isa = PBXTargetDependency;
			target = CDE99696233837D7007C05A3 /* StuffPlayground */;
			targetProxy = CDE996B1233837DB007C05A3 /* PBXContainerItemProxy */;
		};
		CDE996BD233837DB007C05A3 /* PBXTargetDependency */ = {
			isa = PBXTargetDependency;
			target = CDE99696233837D7007C05A3 /* StuffPlayground */;
			targetProxy = CDE996BC233837DB007C05A3 /* PBXContainerItemProxy */;
		};
/* End PBXTargetDependency section */

/* Begin PBXVariantGroup section */
		CDE996A8233837DB007C05A3 /* LaunchScreen.storyboard */ = {
			isa = PBXVariantGroup;
			children = (
				CDE996A9233837DB007C05A3 /* Base */,
			);
			name = LaunchScreen.storyboard;
			sourceTree = "<group>";
		};
/* End PBXVariantGroup section */

/* Begin XCBuildConfiguration section */
		CDE996C2233837DB007C05A3 /* Debug */ = {
			isa = XCBuildConfiguration;
			buildSettings = {
				ALWAYS_SEARCH_USER_PATHS = NO;
				CLANG_ANALYZER_NONNULL = YES;
				CLANG_ANALYZER_NUMBER_OBJECT_CONVERSION = YES_AGGRESSIVE;
				CLANG_CXX_LANGUAGE_STANDARD = "gnu++14";
				CLANG_CXX_LIBRARY = "libc++";
				CLANG_ENABLE_MODULES = YES;
				CLANG_ENABLE_OBJC_ARC = YES;
				CLANG_ENABLE_OBJC_WEAK = YES;
				CLANG_WARN_BLOCK_CAPTURE_AUTORELEASING = YES;
				CLANG_WARN_BOOL_CONVERSION = YES;
				CLANG_WARN_COMMA = YES;
				CLANG_WARN_CONSTANT_CONVERSION = YES;
				CLANG_WARN_DEPRECATED_OBJC_IMPLEMENTATIONS = YES;
				CLANG_WARN_DIRECT_OBJC_ISA_USAGE = YES_ERROR;
				CLANG_WARN_DOCUMENTATION_COMMENTS = YES;
				CLANG_WARN_EMPTY_BODY = YES;
				CLANG_WARN_ENUM_CONVERSION = YES;
				CLANG_WARN_INFINITE_RECURSION = YES;
				CLANG_WARN_INT_CONVERSION = YES;
				CLANG_WARN_NON_LITERAL_NULL_CONVERSION = YES;
				CLANG_WARN_OBJC_IMPLICIT_RETAIN_SELF = YES;
				CLANG_WARN_OBJC_LITERAL_CONVERSION = YES;
				CLANG_WARN_OBJC_ROOT_CLASS = YES_ERROR;
				CLANG_WARN_QUOTED_INCLUDE_IN_FRAMEWORK_HEADER = YES;
				CLANG_WARN_RANGE_LOOP_ANALYSIS = YES;
				CLANG_WARN_STRICT_PROTOTYPES = YES;
				CLANG_WARN_SUSPICIOUS_MOVE = YES;
				CLANG_WARN_UNGUARDED_AVAILABILITY = YES_AGGRESSIVE;
				CLANG_WARN_UNREACHABLE_CODE = YES;
				CLANG_WARN__DUPLICATE_METHOD_MATCH = YES;
				COPY_PHASE_STRIP = NO;
				DEBUG_INFORMATION_FORMAT = dwarf;
				ENABLE_STRICT_OBJC_MSGSEND = YES;
				ENABLE_TESTABILITY = YES;
				GCC_C_LANGUAGE_STANDARD = gnu11;
				GCC_DYNAMIC_NO_PIC = NO;
				GCC_NO_COMMON_BLOCKS = YES;
				GCC_OPTIMIZATION_LEVEL = 0;
				GCC_PREPROCESSOR_DEFINITIONS = (
					"DEBUG=1",
					"$(inherited)",
				);
				GCC_WARN_64_TO_32_BIT_CONVERSION = YES;
				GCC_WARN_ABOUT_RETURN_TYPE = YES_ERROR;
				GCC_WARN_UNDECLARED_SELECTOR = YES;
				GCC_WARN_UNINITIALIZED_AUTOS = YES_AGGRESSIVE;
				GCC_WARN_UNUSED_FUNCTION = YES;
				GCC_WARN_UNUSED_VARIABLE = YES;
				IPHONEOS_DEPLOYMENT_TARGET = 13.0;
				MTL_ENABLE_DEBUG_INFO = INCLUDE_SOURCE;
				MTL_FAST_MATH = YES;
				ONLY_ACTIVE_ARCH = YES;
				SDKROOT = iphoneos;
				SWIFT_ACTIVE_COMPILATION_CONDITIONS = DEBUG;
				SWIFT_OPTIMIZATION_LEVEL = "-Onone";
			};
			name = Debug;
		};
		CDE996C3233837DB007C05A3 /* Release */ = {
			isa = XCBuildConfiguration;
			buildSettings = {
				ALWAYS_SEARCH_USER_PATHS = NO;
				CLANG_ANALYZER_NONNULL = YES;
				CLANG_ANALYZER_NUMBER_OBJECT_CONVERSION = YES_AGGRESSIVE;
				CLANG_CXX_LANGUAGE_STANDARD = "gnu++14";
				CLANG_CXX_LIBRARY = "libc++";
				CLANG_ENABLE_MODULES = YES;
				CLANG_ENABLE_OBJC_ARC = YES;
				CLANG_ENABLE_OBJC_WEAK = YES;
				CLANG_WARN_BLOCK_CAPTURE_AUTORELEASING = YES;
				CLANG_WARN_BOOL_CONVERSION = YES;
				CLANG_WARN_COMMA = YES;
				CLANG_WARN_CONSTANT_CONVERSION = YES;
				CLANG_WARN_DEPRECATED_OBJC_IMPLEMENTATIONS = YES;
				CLANG_WARN_DIRECT_OBJC_ISA_USAGE = YES_ERROR;
				CLANG_WARN_DOCUMENTATION_COMMENTS = YES;
				CLANG_WARN_EMPTY_BODY = YES;
				CLANG_WARN_ENUM_CONVERSION = YES;
				CLANG_WARN_INFINITE_RECURSION = YES;
				CLANG_WARN_INT_CONVERSION = YES;
				CLANG_WARN_NON_LITERAL_NULL_CONVERSION = YES;
				CLANG_WARN_OBJC_IMPLICIT_RETAIN_SELF = YES;
				CLANG_WARN_OBJC_LITERAL_CONVERSION = YES;
				CLANG_WARN_OBJC_ROOT_CLASS = YES_ERROR;
				CLANG_WARN_QUOTED_INCLUDE_IN_FRAMEWORK_HEADER = YES;
				CLANG_WARN_RANGE_LOOP_ANALYSIS = YES;
				CLANG_WARN_STRICT_PROTOTYPES = YES;
				CLANG_WARN_SUSPICIOUS_MOVE = YES;
				CLANG_WARN_UNGUARDED_AVAILABILITY = YES_AGGRESSIVE;
				CLANG_WARN_UNREACHABLE_CODE = YES;
				CLANG_WARN__DUPLICATE_METHOD_MATCH = YES;
				COPY_PHASE_STRIP = NO;
				DEBUG_INFORMATION_FORMAT = "dwarf-with-dsym";
				ENABLE_NS_ASSERTIONS = NO;
				ENABLE_STRICT_OBJC_MSGSEND = YES;
				GCC_C_LANGUAGE_STANDARD = gnu11;
				GCC_NO_COMMON_BLOCKS = YES;
				GCC_WARN_64_TO_32_BIT_CONVERSION = YES;
				GCC_WARN_ABOUT_RETURN_TYPE = YES_ERROR;
				GCC_WARN_UNDECLARED_SELECTOR = YES;
				GCC_WARN_UNINITIALIZED_AUTOS = YES_AGGRESSIVE;
				GCC_WARN_UNUSED_FUNCTION = YES;
				GCC_WARN_UNUSED_VARIABLE = YES;
				IPHONEOS_DEPLOYMENT_TARGET = 13.0;
				MTL_ENABLE_DEBUG_INFO = NO;
				MTL_FAST_MATH = YES;
				SDKROOT = iphoneos;
				SWIFT_COMPILATION_MODE = wholemodule;
				SWIFT_OPTIMIZATION_LEVEL = "-O";
				VALIDATE_PRODUCT = YES;
			};
			name = Release;
		};
		CDE996C5233837DB007C05A3 /* Debug */ = {
			isa = XCBuildConfiguration;
			buildSettings = {
				ASSETCATALOG_COMPILER_APPICON_NAME = AppIcon;
				CODE_SIGN_ENTITLEMENTS = StuffPlayground/StuffPlayground.entitlements;
				CODE_SIGN_STYLE = Automatic;
				DEVELOPMENT_ASSET_PATHS = "\"StuffPlayground/Preview Content\"";
				DEVELOPMENT_TEAM = WA4JA55S9R;
				ENABLE_PREVIEWS = YES;
				INFOPLIST_FILE = StuffPlayground/Info.plist;
				LD_RUNPATH_SEARCH_PATHS = (
					"$(inherited)",
					"@executable_path/Frameworks",
				);
				PRODUCT_BUNDLE_IDENTIFIER = io.thepatrick.stuff.StuffPlayground;
				PRODUCT_NAME = "$(TARGET_NAME)";
				SWIFT_VERSION = 5.0;
				TARGETED_DEVICE_FAMILY = "1,2";
			};
			name = Debug;
		};
		CDE996C6233837DB007C05A3 /* Release */ = {
			isa = XCBuildConfiguration;
			buildSettings = {
				ASSETCATALOG_COMPILER_APPICON_NAME = AppIcon;
				CODE_SIGN_ENTITLEMENTS = StuffPlayground/StuffPlayground.entitlements;
				CODE_SIGN_STYLE = Automatic;
				DEVELOPMENT_ASSET_PATHS = "\"StuffPlayground/Preview Content\"";
				DEVELOPMENT_TEAM = WA4JA55S9R;
				ENABLE_PREVIEWS = YES;
				INFOPLIST_FILE = StuffPlayground/Info.plist;
				LD_RUNPATH_SEARCH_PATHS = (
					"$(inherited)",
					"@executable_path/Frameworks",
				);
				PRODUCT_BUNDLE_IDENTIFIER = io.thepatrick.stuff.StuffPlayground;
				PRODUCT_NAME = "$(TARGET_NAME)";
				SWIFT_VERSION = 5.0;
				TARGETED_DEVICE_FAMILY = "1,2";
			};
			name = Release;
		};
		CDE996C8233837DB007C05A3 /* Debug */ = {
			isa = XCBuildConfiguration;
			buildSettings = {
				ALWAYS_EMBED_SWIFT_STANDARD_LIBRARIES = YES;
				BUNDLE_LOADER = "$(TEST_HOST)";
				CODE_SIGN_STYLE = Automatic;
				INFOPLIST_FILE = StuffPlaygroundTests/Info.plist;
				IPHONEOS_DEPLOYMENT_TARGET = 13.0;
				LD_RUNPATH_SEARCH_PATHS = (
					"$(inherited)",
					"@executable_path/Frameworks",
					"@loader_path/Frameworks",
				);
				PRODUCT_BUNDLE_IDENTIFIER = io.thepatrick.stuff.StuffPlaygroundTests;
				PRODUCT_NAME = "$(TARGET_NAME)";
				SWIFT_VERSION = 5.0;
				TARGETED_DEVICE_FAMILY = "1,2";
				TEST_HOST = "$(BUILT_PRODUCTS_DIR)/StuffPlayground.app/StuffPlayground";
			};
			name = Debug;
		};
		CDE996C9233837DB007C05A3 /* Release */ = {
			isa = XCBuildConfiguration;
			buildSettings = {
				ALWAYS_EMBED_SWIFT_STANDARD_LIBRARIES = YES;
				BUNDLE_LOADER = "$(TEST_HOST)";
				CODE_SIGN_STYLE = Automatic;
				INFOPLIST_FILE = StuffPlaygroundTests/Info.plist;
				IPHONEOS_DEPLOYMENT_TARGET = 13.0;
				LD_RUNPATH_SEARCH_PATHS = (
					"$(inherited)",
					"@executable_path/Frameworks",
					"@loader_path/Frameworks",
				);
				PRODUCT_BUNDLE_IDENTIFIER = io.thepatrick.stuff.StuffPlaygroundTests;
				PRODUCT_NAME = "$(TARGET_NAME)";
				SWIFT_VERSION = 5.0;
				TARGETED_DEVICE_FAMILY = "1,2";
				TEST_HOST = "$(BUILT_PRODUCTS_DIR)/StuffPlayground.app/StuffPlayground";
			};
			name = Release;
		};
		CDE996CB233837DB007C05A3 /* Debug */ = {
			isa = XCBuildConfiguration;
			buildSettings = {
				ALWAYS_EMBED_SWIFT_STANDARD_LIBRARIES = YES;
				CODE_SIGN_STYLE = Automatic;
				INFOPLIST_FILE = StuffPlaygroundUITests/Info.plist;
				LD_RUNPATH_SEARCH_PATHS = (
					"$(inherited)",
					"@executable_path/Frameworks",
					"@loader_path/Frameworks",
				);
				PRODUCT_BUNDLE_IDENTIFIER = io.thepatrick.stuff.StuffPlaygroundUITests;
				PRODUCT_NAME = "$(TARGET_NAME)";
				SWIFT_VERSION = 5.0;
				TARGETED_DEVICE_FAMILY = "1,2";
				TEST_TARGET_NAME = StuffPlayground;
			};
			name = Debug;
		};
		CDE996CC233837DB007C05A3 /* Release */ = {
			isa = XCBuildConfiguration;
			buildSettings = {
				ALWAYS_EMBED_SWIFT_STANDARD_LIBRARIES = YES;
				CODE_SIGN_STYLE = Automatic;
				INFOPLIST_FILE = StuffPlaygroundUITests/Info.plist;
				LD_RUNPATH_SEARCH_PATHS = (
					"$(inherited)",
					"@executable_path/Frameworks",
					"@loader_path/Frameworks",
				);
				PRODUCT_BUNDLE_IDENTIFIER = io.thepatrick.stuff.StuffPlaygroundUITests;
				PRODUCT_NAME = "$(TARGET_NAME)";
				SWIFT_VERSION = 5.0;
				TARGETED_DEVICE_FAMILY = "1,2";
				TEST_TARGET_NAME = StuffPlayground;
			};
			name = Release;
		};
/* End XCBuildConfiguration section */

/* Begin XCConfigurationList section */
		CDE99692233837D7007C05A3 /* Build configuration list for PBXProject "StuffPlayground" */ = {
			isa = XCConfigurationList;
			buildConfigurations = (
				CDE996C2233837DB007C05A3 /* Debug */,
				CDE996C3233837DB007C05A3 /* Release */,
			);
			defaultConfigurationIsVisible = 0;
			defaultConfigurationName = Release;
		};
		CDE996C4233837DB007C05A3 /* Build configuration list for PBXNativeTarget "StuffPlayground" */ = {
			isa = XCConfigurationList;
			buildConfigurations = (
				CDE996C5233837DB007C05A3 /* Debug */,
				CDE996C6233837DB007C05A3 /* Release */,
			);
			defaultConfigurationIsVisible = 0;
			defaultConfigurationName = Release;
		};
		CDE996C7233837DB007C05A3 /* Build configuration list for PBXNativeTarget "StuffPlaygroundTests" */ = {
			isa = XCConfigurationList;
			buildConfigurations = (
				CDE996C8233837DB007C05A3 /* Debug */,
				CDE996C9233837DB007C05A3 /* Release */,
			);
			defaultConfigurationIsVisible = 0;
			defaultConfigurationName = Release;
		};
		CDE996CA233837DB007C05A3 /* Build configuration list for PBXNativeTarget "StuffPlaygroundUITests" */ = {
			isa = XCConfigurationList;
			buildConfigurations = (
				CDE996CB233837DB007C05A3 /* Debug */,
				CDE996CC233837DB007C05A3 /* Release */,
			);
			defaultConfigurationIsVisible = 0;
			defaultConfigurationName = Release;
		};
/* End XCConfigurationList section */

/* Begin XCRemoteSwiftPackageReference section */
		CDFB83392344082C00F5F1BA /* XCRemoteSwiftPackageReference "PromiseKit" */ = {
			isa = XCRemoteSwiftPackageReference;
			repositoryURL = "https://github.com/mxcl/PromiseKit.git";
			requirement = {
				kind = upToNextMajorVersion;
				minimumVersion = 6.11.0;
			};
		};
/* End XCRemoteSwiftPackageReference section */

/* Begin XCSwiftPackageProductDependency section */
		CDFB833A2344082C00F5F1BA /* PromiseKit */ = {
			isa = XCSwiftPackageProductDependency;
			package = CDFB83392344082C00F5F1BA /* XCRemoteSwiftPackageReference "PromiseKit" */;
			productName = PromiseKit;
		};
/* End XCSwiftPackageProductDependency section */

/* Begin XCVersionGroup section */
		CDE9969E233837D7007C05A3 /* StuffPlayground.xcdatamodeld */ = {
			isa = XCVersionGroup;
			children = (
				CDE9969F233837D7007C05A3 /* StuffPlayground.xcdatamodel */,
			);
			currentVersion = CDE9969F233837D7007C05A3 /* StuffPlayground.xcdatamodel */;
			path = StuffPlayground.xcdatamodeld;
			sourceTree = "<group>";
			versionGroupType = wrapper.xcdatamodel;
		};
/* End XCVersionGroup section */
	};
	rootObject = CDE9968F233837D7007C05A3 /* Project object */;
}
